
Microsoft Visual Studio Solution File, Format Version 12.00
# Visual Studio 2012
Project("{F184B08F-C81C-45F6-A57F-5ABD9991F28F}") = "Mini_Booking_System", "Mini_Booking_System.vbproj", "{6CC89B33-F569-40DF-A2E7-61EAB1E61037}"
EndProject
Global
	GlobalSection(SolutionConfigurationPlatforms) = preSolution
		Debug|Any CPU = Debug|Any CPU
		Release|Any CPU = Release|Any CPU
	EndGlobalSection
	GlobalSection(ProjectConfigurationPlatforms) = postSolution
		{6CC89B33-F569-40DF-A2E7-61EAB1E61037}.Debug|Any CPU.ActiveCfg = Debug|Any CPU
		{6CC89B33-F569-40DF-A2E7-61EAB1E61037}.Debug|Any CPU.Build.0 = Debug|Any CPU
		{6CC89B33-F569-40DF-A2E7-61EAB1E61037}.Release|Any CPU.ActiveCfg = Release|Any CPU
		{6CC89B33-F569-40DF-A2E7-61EAB1E61037}.Release|Any CPU.Build.0 = Release|Any CPU
	EndGlobalSection
	GlobalSection(SolutionProperties) = preSolution
		HideSolutionNode = FALSE
	EndGlobalSection
EndGlobal
